
Microsoft Visual Studio Solution File, Format Version 12.00
# Visual Studio Version 16
VisualStudioVersion = 16.0.31321.278
MinimumVisualStudioVersion = 10.0.40219.1
Project("{2150E333-8FDC-42A3-9474-1A3956D46DE8}") = "src", "src", "{B7AEA47D-B3F6-4BC4-9DDF-FF8AB2B74FC9}"
EndProject
Project("{9A19103F-16F7-4668-BE54-9A1E7A4F7556}") = "OrgStructure.Contracts", "src\OrgStructure.Contracts\OrgStructure.Contracts.csproj", "{664F12C3-4AD1-4B44-AB4F-2B85F18EBEA0}"
EndProject
Project("{9A19103F-16F7-4668-BE54-9A1E7A4F7556}") = "OrgStructure", "src\OrgStructure\OrgStructure.csproj", "{3FA9CC43-C406-4D88-87E7-3B119DE714DB}"
EndProject
Project("{9A19103F-16F7-4668-BE54-9A1E7A4F7556}") = "OrgStructure.Web", "src\OrgStructure.Web\OrgStructure.Web.csproj", "{30644C08-A997-4D8F-8B9C-5556A1D7FD40}"
EndProject
Global
	GlobalSection(SolutionConfigurationPlatforms) = preSolution
		Debug|Any CPU = Debug|Any CPU
		Release|Any CPU = Release|Any CPU
	EndGlobalSection
	GlobalSection(ProjectConfigurationPlatforms) = postSolution
		{664F12C3-4AD1-4B44-AB4F-2B85F18EBEA0}.Debug|Any CPU.ActiveCfg = Debug|Any CPU
		{664F12C3-4AD1-4B44-AB4F-2B85F18EBEA0}.Debug|Any CPU.Build.0 = Debug|Any CPU
		{664F12C3-4AD1-4B44-AB4F-2B85F18EBEA0}.Release|Any CPU.ActiveCfg = Release|Any CPU
		{664F12C3-4AD1-4B44-AB4F-2B85F18EBEA0}.Release|Any CPU.Build.0 = Release|Any CPU
		{3FA9CC43-C406-4D88-87E7-3B119DE714DB}.Debug|Any CPU.ActiveCfg = Debug|Any CPU
		{3FA9CC43-C406-4D88-87E7-3B119DE714DB}.Debug|Any CPU.Build.0 = Debug|Any CPU
		{3FA9CC43-C406-4D88-87E7-3B119DE714DB}.Release|Any CPU.ActiveCfg = Release|Any CPU
		{3FA9CC43-C406-4D88-87E7-3B119DE714DB}.Release|Any CPU.Build.0 = Release|Any CPU
		{30644C08-A997-4D8F-8B9C-5556A1D7FD40}.Debug|Any CPU.ActiveCfg = Debug|Any CPU
		{30644C08-A997-4D8F-8B9C-5556A1D7FD40}.Debug|Any CPU.Build.0 = Debug|Any CPU
		{30644C08-A997-4D8F-8B9C-5556A1D7FD40}.Release|Any CPU.ActiveCfg = Release|Any CPU
		{30644C08-A997-4D8F-8B9C-5556A1D7FD40}.Release|Any CPU.Build.0 = Release|Any CPU
	EndGlobalSection
	GlobalSection(SolutionProperties) = preSolution
		HideSolutionNode = FALSE
	EndGlobalSection
	GlobalSection(NestedProjects) = preSolution
		{664F12C3-4AD1-4B44-AB4F-2B85F18EBEA0} = {B7AEA47D-B3F6-4BC4-9DDF-FF8AB2B74FC9}
		{3FA9CC43-C406-4D88-87E7-3B119DE714DB} = {B7AEA47D-B3F6-4BC4-9DDF-FF8AB2B74FC9}
		{30644C08-A997-4D8F-8B9C-5556A1D7FD40} = {B7AEA47D-B3F6-4BC4-9DDF-FF8AB2B74FC9}
	EndGlobalSection
	GlobalSection(ExtensibilityGlobals) = postSolution
		SolutionGuid = {C4FBDBE0-3396-46EF-AD72-F1C5CE3C3771}
	EndGlobalSection
EndGlobal
